
Microsoft Visual Studio Solution File, Format Version 12.00
# Visual Studio 15
VisualStudioVersion = 15.0.28307.705
MinimumVisualStudioVersion = 10.0.40219.1
Project("{FAE04EC0-301F-11D3-BF4B-00C04F79EFBC}") = "QuizProjekt", "QuizProjekt\QuizProjekt.csproj", "{CE737E3A-F6EB-40B0-9484-6672670BDF3A}"
EndProject
Global
	GlobalSection(SolutionConfigurationPlatforms) = preSolution
		Debug|Any CPU = Debug|Any CPU
		Release|Any CPU = Release|Any CPU
	EndGlobalSection
	GlobalSection(ProjectConfigurationPlatforms) = postSolution
		{CE737E3A-F6EB-40B0-9484-6672670BDF3A}.Debug|Any CPU.ActiveCfg = Debug|Any CPU
		{CE737E3A-F6EB-40B0-9484-6672670BDF3A}.Debug|Any CPU.Build.0 = Debug|Any CPU
		{CE737E3A-F6EB-40B0-9484-6672670BDF3A}.Release|Any CPU.ActiveCfg = Release|Any CPU
		{CE737E3A-F6EB-40B0-9484-6672670BDF3A}.Release|Any CPU.Build.0 = Release|Any CPU
	EndGlobalSection
	GlobalSection(SolutionProperties) = preSolution
		HideSolutionNode = FALSE
	EndGlobalSection
	GlobalSection(ExtensibilityGlobals) = postSolution
		SolutionGuid = {874C344D-533F-4C46-9287-72CF27DBFED7}
	EndGlobalSection
EndGlobal
